// !$*UTF8*$!
{
	archiveVersion = 1;
	classes = {
	};
	objectVersion = 60;
	objects = {

/* Begin PBXBuildFile section */
		C61FD91F516A6C861323F7AE /* Pods_GS1_Encoders_App.framework in Frameworks */ = {isa = PBXBuildFile; fileRef = E8E9779FA2B3E64A62BA5D1F /* Pods_GS1_Encoders_App.framework */; };
		F72D9196293AB3F300809E9B /* BarcodeScannerView.swift in Sources */ = {isa = PBXBuildFile; fileRef = F72D9195293AB3F300809E9B /* BarcodeScannerView.swift */; };
		F73EC9AC2909D225008E17F4 /* GS1_Encoders_AppApp.swift in Sources */ = {isa = PBXBuildFile; fileRef = F73EC9AB2909D225008E17F4 /* GS1_Encoders_AppApp.swift */; };
		F73EC9AE2909D225008E17F4 /* ContentView.swift in Sources */ = {isa = PBXBuildFile; fileRef = F73EC9AD2909D225008E17F4 /* ContentView.swift */; };
		F73EC9B02909D226008E17F4 /* Assets.xcassets in Resources */ = {isa = PBXBuildFile; fileRef = F73EC9AF2909D226008E17F4 /* Assets.xcassets */; };
		F73EC9B32909D226008E17F4 /* Preview Assets.xcassets in Resources */ = {isa = PBXBuildFile; fileRef = F73EC9B22909D226008E17F4 /* Preview Assets.xcassets */; };
		F7C8D44D2EBD928400996636 /* GS1Encoders in Frameworks */ = {isa = PBXBuildFile; productRef = F7C8D44C2EBD928400996636 /* GS1Encoders */; };
/* End PBXBuildFile section */

/* Begin PBXFileReference section */
		236FDA1DC8D99856F812E304 /* Pods-GS1 Encoders App.debug.xcconfig */ = {isa = PBXFileReference; includeInIndex = 1; lastKnownFileType = text.xcconfig; name = "Pods-GS1 Encoders App.debug.xcconfig"; path = "Target Support Files/Pods-GS1 Encoders App/Pods-GS1 Encoders App.debug.xcconfig"; sourceTree = "<group>"; };
		6E6A486084227C4CC5414BBB /* Pods-GS1 Encoders App.release.xcconfig */ = {isa = PBXFileReference; includeInIndex = 1; lastKnownFileType = text.xcconfig; name = "Pods-GS1 Encoders App.release.xcconfig"; path = "Target Support Files/Pods-GS1 Encoders App/Pods-GS1 Encoders App.release.xcconfig"; sourceTree = "<group>"; };
		E8E9779FA2B3E64A62BA5D1F /* Pods_GS1_Encoders_App.framework */ = {isa = PBXFileReference; explicitFileType = wrapper.framework; includeInIndex = 0; path = Pods_GS1_Encoders_App.framework; sourceTree = BUILT_PRODUCTS_DIR; };
		F72D9195293AB3F300809E9B /* BarcodeScannerView.swift */ = {isa = PBXFileReference; lastKnownFileType = sourcecode.swift; path = BarcodeScannerView.swift; sourceTree = "<group>"; };
		F73EC9A82909D225008E17F4 /* GS1 Encoders App.app */ = {isa = PBXFileReference; explicitFileType = wrapper.application; includeInIndex = 0; path = "GS1 Encoders App.app"; sourceTree = BUILT_PRODUCTS_DIR; };
		F73EC9AB2909D225008E17F4 /* GS1_Encoders_AppApp.swift */ = {isa = PBXFileReference; lastKnownFileType = sourcecode.swift; path = GS1_Encoders_AppApp.swift; sourceTree = "<group>"; };
		F73EC9AD2909D225008E17F4 /* ContentView.swift */ = {isa = PBXFileReference; lastKnownFileType = sourcecode.swift; path = ContentView.swift; sourceTree = "<group>"; };
		F73EC9AF2909D226008E17F4 /* Assets.xcassets */ = {isa = PBXFileReference; lastKnownFileType = folder.assetcatalog; path = Assets.xcassets; sourceTree = "<group>"; };
		F73EC9B22909D226008E17F4 /* Preview Assets.xcassets */ = {isa = PBXFileReference; lastKnownFileType = folder.assetcatalog; path = "Preview Assets.xcassets"; sourceTree = "<group>"; };
		F7B29BF72941447C002AD1DC /* GS1-Encoders-App-Info.plist */ = {isa = PBXFileReference; lastKnownFileType = text.plist; path = "GS1-Encoders-App-Info.plist"; sourceTree = SOURCE_ROOT; };
/* End PBXFileReference section */

/* Begin PBXFrameworksBuildPhase section */
		F73EC9A52909D225008E17F4 /* Frameworks */ = {
			isa = PBXFrameworksBuildPhase;
			buildActionMask = 2147483647;
			files = (
				C61FD91F516A6C861323F7AE /* Pods_GS1_Encoders_App.framework in Frameworks */,
				F7C8D44D2EBD928400996636 /* GS1Encoders in Frameworks */,
			);
			runOnlyForDeploymentPostprocessing = 0;
		};
/* End PBXFrameworksBuildPhase section */

/* Begin PBXGroup section */
		BEA5995848794A0F2315D65A /* Pods */ = {
			isa = PBXGroup;
			children = (
				236FDA1DC8D99856F812E304 /* Pods-GS1 Encoders App.debug.xcconfig */,
				6E6A486084227C4CC5414BBB /* Pods-GS1 Encoders App.release.xcconfig */,
			);
			path = Pods;
			sourceTree = "<group>";
		};
		D7C1224EEF009EA543345ABB /* Frameworks */ = {
			isa = PBXGroup;
			children = (
				E8E9779FA2B3E64A62BA5D1F /* Pods_GS1_Encoders_App.framework */,
			);
			name = Frameworks;
			sourceTree = "<group>";
		};
		F73EC99F2909D225008E17F4 = {
			isa = PBXGroup;
			children = (
				F73EC9AA2909D225008E17F4 /* GS1 Encoders App */,
				F73EC9A92909D225008E17F4 /* Products */,
				BEA5995848794A0F2315D65A /* Pods */,
				D7C1224EEF009EA543345ABB /* Frameworks */,
			);
			sourceTree = "<group>";
		};
		F73EC9A92909D225008E17F4 /* Products */ = {
			isa = PBXGroup;
			children = (
				F73EC9A82909D225008E17F4 /* GS1 Encoders App.app */,
			);
			name = Products;
			sourceTree = "<group>";
		};
		F73EC9AA2909D225008E17F4 /* GS1 Encoders App */ = {
			isa = PBXGroup;
			children = (
				F7B29BF72941447C002AD1DC /* GS1-Encoders-App-Info.plist */,
				F73EC9AB2909D225008E17F4 /* GS1_Encoders_AppApp.swift */,
				F73EC9AD2909D225008E17F4 /* ContentView.swift */,
				F72D9195293AB3F300809E9B /* BarcodeScannerView.swift */,
				F73EC9AF2909D226008E17F4 /* Assets.xcassets */,
				F73EC9B12909D226008E17F4 /* Preview Content */,
			);
			path = "GS1 Encoders App";
			sourceTree = "<group>";
		};
		F73EC9B12909D226008E17F4 /* Preview Content */ = {
			isa = PBXGroup;
			children = (
				F73EC9B22909D226008E17F4 /* Preview Assets.xcassets */,
			);
			path = "Preview Content";
			sourceTree = "<group>";
		};
/* End PBXGroup section */

/* Begin PBXNativeTarget section */
		F73EC9A72909D225008E17F4 /* GS1 Encoders App */ = {
			isa = PBXNativeTarget;
			buildConfigurationList = F73EC9B62909D226008E17F4 /* Build configuration list for PBXNativeTarget "GS1 Encoders App" */;
			buildPhases = (
				13F493CF1EA314ADA94DEFD8 /* [CP] Check Pods Manifest.lock */,
				F73EC9A42909D225008E17F4 /* Sources */,
				F73EC9A52909D225008E17F4 /* Frameworks */,
				F73EC9A62909D225008E17F4 /* Resources */,
				7FF09ED7D26C416AF73ED353 /* [CP] Embed Pods Frameworks */,
			);
			buildRules = (
			);
			dependencies = (
			);
			name = "GS1 Encoders App";
			productName = "GS1 Encoders App";
			productReference = F73EC9A82909D225008E17F4 /* GS1 Encoders App.app */;
			productType = "com.apple.product-type.application";
		};
/* End PBXNativeTarget section */

/* Begin PBXProject section */
		F73EC9A02909D225008E17F4 /* Project object */ = {
			isa = PBXProject;
			attributes = {
				BuildIndependentTargetsInParallel = 1;
				LastSwiftUpdateCheck = 1400;
				LastUpgradeCheck = 1540;
				TargetAttributes = {
					F73EC9A72909D225008E17F4 = {
						CreatedOnToolsVersion = 14.0.1;
					};
				};
			};
			buildConfigurationList = F73EC9A32909D225008E17F4 /* Build configuration list for PBXProject "GS1 Encoders App" */;
			compatibilityVersion = "Xcode 14.0";
			developmentRegion = en;
			hasScannedForEncodings = 0;
			knownRegions = (
				en,
				Base,
			);
			mainGroup = F73EC99F2909D225008E17F4;
			packageReferences = (
				F7C8D44B2EBD928400996636 /* XCLocalSwiftPackageReference "../swift" */,
			);
			productRefGroup = F73EC9A92909D225008E17F4 /* Products */;
			projectDirPath = "";
			projectRoot = "";
			targets = (
				F73EC9A72909D225008E17F4 /* GS1 Encoders App */,
			);
		};
/* End PBXProject section */

/* Begin PBXResourcesBuildPhase section */
		F73EC9A62909D225008E17F4 /* Resources */ = {
			isa = PBXResourcesBuildPhase;
			buildActionMask = 2147483647;
			files = (
				F73EC9B32909D226008E17F4 /* Preview Assets.xcassets in Resources */,
				F73EC9B02909D226008E17F4 /* Assets.xcassets in Resources */,
			);
			runOnlyForDeploymentPostprocessing = 0;
		};
/* End PBXResourcesBuildPhase section */

/* Begin PBXShellScriptBuildPhase section */
		13F493CF1EA314ADA94DEFD8 /* [CP] Check Pods Manifest.lock */ = {
			isa = PBXShellScriptBuildPhase;
			buildActionMask = 2147483647;
			files = (
			);
			inputFileListPaths = (
			);
			inputPaths = (
				"${PODS_PODFILE_DIR_PATH}/Podfile.lock",
				"${PODS_ROOT}/Manifest.lock",
			);
			name = "[CP] Check Pods Manifest.lock";
			outputFileListPaths = (
			);
			outputPaths = (
				"$(DERIVED_FILE_DIR)/Pods-GS1 Encoders App-checkManifestLockResult.txt",
			);
			runOnlyForDeploymentPostprocessing = 0;
			shellPath = /bin/sh;
			shellScript = "diff \"${PODS_PODFILE_DIR_PATH}/Podfile.lock\" \"${PODS_ROOT}/Manifest.lock\" > /dev/null\nif [ $? != 0 ] ; then\n    # print error to STDERR\n    echo \"error: The sandbox is not in sync with the Podfile.lock. Run 'pod install' or update your CocoaPods installation.\" >&2\n    exit 1\nfi\n# This output is used by Xcode 'outputs' to avoid re-running this script phase.\necho \"SUCCESS\" > \"${SCRIPT_OUTPUT_FILE_0}\"\n";
			showEnvVarsInLog = 0;
		};
		7FF09ED7D26C416AF73ED353 /* [CP] Embed Pods Frameworks */ = {
			isa = PBXShellScriptBuildPhase;
			buildActionMask = 2147483647;
			files = (
			);
			inputFileListPaths = (
				"${PODS_ROOT}/Target Support Files/Pods-GS1 Encoders App/Pods-GS1 Encoders App-frameworks-${CONFIGURATION}-input-files.xcfilelist",
			);
			inputPaths = (
			);
			name = "[CP] Embed Pods Frameworks";
			outputFileListPaths = (
				"${PODS_ROOT}/Target Support Files/Pods-GS1 Encoders App/Pods-GS1 Encoders App-frameworks-${CONFIGURATION}-output-files.xcfilelist",
			);
			outputPaths = (
			);
			runOnlyForDeploymentPostprocessing = 0;
			shellPath = /bin/sh;
			shellScript = "\"${PODS_ROOT}/Target Support Files/Pods-GS1 Encoders App/Pods-GS1 Encoders App-frameworks.sh\"\n";
			showEnvVarsInLog = 0;
		};
/* End PBXShellScriptBuildPhase section */

/* Begin PBXSourcesBuildPhase section */
		F73EC9A42909D225008E17F4 /* Sources */ = {
			isa = PBXSourcesBuildPhase;
			buildActionMask = 2147483647;
			files = (
				F73EC9AE2909D225008E17F4 /* ContentView.swift in Sources */,
				F73EC9AC2909D225008E17F4 /* GS1_Encoders_AppApp.swift in Sources */,
				F72D9196293AB3F300809E9B /* BarcodeScannerView.swift in Sources */,
			);
			runOnlyForDeploymentPostprocessing = 0;
		};
/* End PBXSourcesBuildPhase section */

/* Begin XCBuildConfiguration section */
		F73EC9B42909D226008E17F4 /* Debug */ = {
			isa = XCBuildConfiguration;
			buildSettings = {
				ALWAYS_SEARCH_USER_PATHS = NO;
				CLANG_ANALYZER_NONNULL = YES;
				CLANG_ANALYZER_NUMBER_OBJECT_CONVERSION = YES_AGGRESSIVE;
				CLANG_CXX_LANGUAGE_STANDARD = "gnu++20";
				CLANG_ENABLE_MODULES = YES;
				CLANG_ENABLE_OBJC_ARC = YES;
				CLANG_ENABLE_OBJC_WEAK = YES;
				CLANG_WARN_BLOCK_CAPTURE_AUTORELEASING = YES;
				CLANG_WARN_BOOL_CONVERSION = YES;
				CLANG_WARN_COMMA = YES;
				CLANG_WARN_CONSTANT_CONVERSION = YES;
				CLANG_WARN_DEPRECATED_OBJC_IMPLEMENTATIONS = YES;
				CLANG_WARN_DIRECT_OBJC_ISA_USAGE = YES_ERROR;
				CLANG_WARN_DOCUMENTATION_COMMENTS = YES;
				CLANG_WARN_EMPTY_BODY = YES;
				CLANG_WARN_ENUM_CONVERSION = YES;
				CLANG_WARN_INFINITE_RECURSION = YES;
				CLANG_WARN_INT_CONVERSION = YES;
				CLANG_WARN_NON_LITERAL_NULL_CONVERSION = YES;
				CLANG_WARN_OBJC_IMPLICIT_RETAIN_SELF = YES;
				CLANG_WARN_OBJC_LITERAL_CONVERSION = YES;
				CLANG_WARN_OBJC_ROOT_CLASS = YES_ERROR;
				CLANG_WARN_QUOTED_INCLUDE_IN_FRAMEWORK_HEADER = YES;
				CLANG_WARN_RANGE_LOOP_ANALYSIS = YES;
				CLANG_WARN_STRICT_PROTOTYPES = YES;
				CLANG_WARN_SUSPICIOUS_MOVE = YES;
				CLANG_WARN_UNGUARDED_AVAILABILITY = YES_AGGRESSIVE;
				CLANG_WARN_UNREACHABLE_CODE = YES;
				CLANG_WARN__DUPLICATE_METHOD_MATCH = YES;
				COPY_PHASE_STRIP = NO;
				DEBUG_INFORMATION_FORMAT = dwarf;
				ENABLE_STRICT_OBJC_MSGSEND = YES;
				ENABLE_TESTABILITY = YES;
				ENABLE_USER_SCRIPT_SANDBOXING = NO;
				GCC_C_LANGUAGE_STANDARD = gnu11;
				GCC_DYNAMIC_NO_PIC = NO;
				GCC_NO_COMMON_BLOCKS = YES;
				GCC_OPTIMIZATION_LEVEL = 0;
				GCC_PREPROCESSOR_DEFINITIONS = (
					"DEBUG=1",
					"$(inherited)",
				);
				GCC_WARN_64_TO_32_BIT_CONVERSION = YES;
				GCC_WARN_ABOUT_RETURN_TYPE = YES_ERROR;
				GCC_WARN_UNDECLARED_SELECTOR = YES;
				GCC_WARN_UNINITIALIZED_AUTOS = YES_AGGRESSIVE;
				GCC_WARN_UNUSED_FUNCTION = YES;
				GCC_WARN_UNUSED_VARIABLE = YES;
				IPHONEOS_DEPLOYMENT_TARGET = 16.0;
				MTL_ENABLE_DEBUG_INFO = INCLUDE_SOURCE;
				MTL_FAST_MATH = YES;
				ONLY_ACTIVE_ARCH = YES;
				SDKROOT = iphoneos;
				SWIFT_ACTIVE_COMPILATION_CONDITIONS = DEBUG;
				SWIFT_OPTIMIZATION_LEVEL = "-Onone";
			};
			name = Debug;
		};
		F73EC9B52909D226008E17F4 /* Release */ = {
			isa = XCBuildConfiguration;
			buildSettings = {
				ALWAYS_SEARCH_USER_PATHS = NO;
				CLANG_ANALYZER_NONNULL = YES;
				CLANG_ANALYZER_NUMBER_OBJECT_CONVERSION = YES_AGGRESSIVE;
				CLANG_CXX_LANGUAGE_STANDARD = "gnu++20";
				CLANG_ENABLE_MODULES = YES;
				CLANG_ENABLE_OBJC_ARC = YES;
				CLANG_ENABLE_OBJC_WEAK = YES;
				CLANG_WARN_BLOCK_CAPTURE_AUTORELEASING = YES;
				CLANG_WARN_BOOL_CONVERSION = YES;
				CLANG_WARN_COMMA = YES;
				CLANG_WARN_CONSTANT_CONVERSION = YES;
				CLANG_WARN_DEPRECATED_OBJC_IMPLEMENTATIONS = YES;
				CLANG_WARN_DIRECT_OBJC_ISA_USAGE = YES_ERROR;
				CLANG_WARN_DOCUMENTATION_COMMENTS = YES;
				CLANG_WARN_EMPTY_BODY = YES;
				CLANG_WARN_ENUM_CONVERSION = YES;
				CLANG_WARN_INFINITE_RECURSION = YES;
				CLANG_WARN_INT_CONVERSION = YES;
				CLANG_WARN_NON_LITERAL_NULL_CONVERSION = YES;
				CLANG_WARN_OBJC_IMPLICIT_RETAIN_SELF = YES;
				CLANG_WARN_OBJC_LITERAL_CONVERSION = YES;
				CLANG_WARN_OBJC_ROOT_CLASS = YES_ERROR;
				CLANG_WARN_QUOTED_INCLUDE_IN_FRAMEWORK_HEADER = YES;
				CLANG_WARN_RANGE_LOOP_ANALYSIS = YES;
				CLANG_WARN_STRICT_PROTOTYPES = YES;
				CLANG_WARN_SUSPICIOUS_MOVE = YES;
				CLANG_WARN_UNGUARDED_AVAILABILITY = YES_AGGRESSIVE;
				CLANG_WARN_UNREACHABLE_CODE = YES;
				CLANG_WARN__DUPLICATE_METHOD_MATCH = YES;
				COPY_PHASE_STRIP = NO;
				DEBUG_INFORMATION_FORMAT = "dwarf-with-dsym";
				ENABLE_NS_ASSERTIONS = NO;
				ENABLE_STRICT_OBJC_MSGSEND = YES;
				ENABLE_USER_SCRIPT_SANDBOXING = NO;
				GCC_C_LANGUAGE_STANDARD = gnu11;
				GCC_NO_COMMON_BLOCKS = YES;
				GCC_WARN_64_TO_32_BIT_CONVERSION = YES;
				GCC_WARN_ABOUT_RETURN_TYPE = YES_ERROR;
				GCC_WARN_UNDECLARED_SELECTOR = YES;
				GCC_WARN_UNINITIALIZED_AUTOS = YES_AGGRESSIVE;
				GCC_WARN_UNUSED_FUNCTION = YES;
				GCC_WARN_UNUSED_VARIABLE = YES;
				IPHONEOS_DEPLOYMENT_TARGET = 16.0;
				MTL_ENABLE_DEBUG_INFO = NO;
				MTL_FAST_MATH = YES;
				SDKROOT = iphoneos;
				SWIFT_COMPILATION_MODE = wholemodule;
				SWIFT_OPTIMIZATION_LEVEL = "-O";
				VALIDATE_PRODUCT = YES;
			};
			name = Release;
		};
		F73EC9B72909D226008E17F4 /* Debug */ = {
			isa = XCBuildConfiguration;
			baseConfigurationReference = 236FDA1DC8D99856F812E304 /* Pods-GS1 Encoders App.debug.xcconfig */;
			buildSettings = {
				ASSETCATALOG_COMPILER_APPICON_NAME = AppIcon;
				ASSETCATALOG_COMPILER_GLOBAL_ACCENT_COLOR_NAME = AccentColor;
				CODE_SIGN_IDENTITY = "iPhone Developer";
				CODE_SIGN_STYLE = Automatic;
				CURRENT_PROJECT_VERSION = 1;
				DEVELOPMENT_ASSET_PATHS = "\"GS1 Encoders App/Preview Content\"";
				DEVELOPMENT_TEAM = W5TY4M55Q5;
				ENABLE_PREVIEWS = YES;
				GCC_PREPROCESSOR_DEFINITIONS = (
					"DEBUG=1",
					"$(inherited)",
					GS1_LINTER_ERR_STR_EN,
				);
				GENERATE_INFOPLIST_FILE = YES;
				INFOPLIST_FILE = "GS1-Encoders-App-Info.plist";
				INFOPLIST_KEY_CFBundleDisplayName = "";
				INFOPLIST_KEY_NSCameraUsageDescription = "Read input data from barcode";
				INFOPLIST_KEY_UIApplicationSceneManifest_Generation = YES;
				INFOPLIST_KEY_UIApplicationSupportsIndirectInputEvents = YES;
				INFOPLIST_KEY_UILaunchScreen_Generation = YES;
				INFOPLIST_KEY_UISupportedInterfaceOrientations_iPad = "UIInterfaceOrientationPortrait UIInterfaceOrientationPortraitUpsideDown UIInterfaceOrientationLandscapeLeft UIInterfaceOrientationLandscapeRight";
				INFOPLIST_KEY_UISupportedInterfaceOrientations_iPhone = UIInterfaceOrientationPortrait;
				LD_RUNPATH_SEARCH_PATHS = (
					"$(inherited)",
					"@executable_path/Frameworks",
				);
				MARKETING_VERSION = 1.0;
				PRODUCT_BUNDLE_IDENTIFIER = "org.gs1.GS1-Encoders-App1";
				PRODUCT_NAME = "$(TARGET_NAME)";
				SWIFT_EMIT_LOC_STRINGS = YES;
				SWIFT_OBJC_BRIDGING_HEADER = "";
				SWIFT_VERSION = 5.0;
				TARGETED_DEVICE_FAMILY = "1,2";
			};
			name = Debug;
		};
		F73EC9B82909D226008E17F4 /* Release */ = {
			isa = XCBuildConfiguration;
			baseConfigurationReference = 6E6A486084227C4CC5414BBB /* Pods-GS1 Encoders App.release.xcconfig */;
			buildSettings = {
				ASSETCATALOG_COMPILER_APPICON_NAME = AppIcon;
				ASSETCATALOG_COMPILER_GLOBAL_ACCENT_COLOR_NAME = AccentColor;
				CODE_SIGN_IDENTITY = "iPhone Developer";
				CODE_SIGN_STYLE = Automatic;
				CURRENT_PROJECT_VERSION = 1;
				DEVELOPMENT_ASSET_PATHS = "\"GS1 Encoders App/Preview Content\"";
				DEVELOPMENT_TEAM = W5TY4M55Q5;
				ENABLE_PREVIEWS = YES;
				GCC_PREPROCESSOR_DEFINITIONS = (
					"$(inherited)",
					GS1_LINTER_ERR_STR_EN,
				);
				GENERATE_INFOPLIST_FILE = YES;
				INFOPLIST_FILE = "GS1-Encoders-App-Info.plist";
				INFOPLIST_KEY_CFBundleDisplayName = "";
				INFOPLIST_KEY_NSCameraUsageDescription = "Read input data from barcode";
				INFOPLIST_KEY_UIApplicationSceneManifest_Generation = YES;
				INFOPLIST_KEY_UIApplicationSupportsIndirectInputEvents = YES;
				INFOPLIST_KEY_UILaunchScreen_Generation = YES;
				INFOPLIST_KEY_UISupportedInterfaceOrientations_iPad = "UIInterfaceOrientationPortrait UIInterfaceOrientationPortraitUpsideDown UIInterfaceOrientationLandscapeLeft UIInterfaceOrientationLandscapeRight";
				INFOPLIST_KEY_UISupportedInterfaceOrientations_iPhone = UIInterfaceOrientationPortrait;
				LD_RUNPATH_SEARCH_PATHS = (
					"$(inherited)",
					"@executable_path/Frameworks",
				);
				MARKETING_VERSION = 1.0;
				PRODUCT_BUNDLE_IDENTIFIER = "org.gs1.GS1-Encoders-App1";
				PRODUCT_NAME = "$(TARGET_NAME)";
				SWIFT_EMIT_LOC_STRINGS = YES;
				SWIFT_OBJC_BRIDGING_HEADER = "";
				SWIFT_VERSION = 5.0;
				TARGETED_DEVICE_FAMILY = "1,2";
			};
			name = Release;
		};
/* End XCBuildConfiguration section */

/* Begin XCConfigurationList section */
		F73EC9A32909D225008E17F4 /* Build configuration list for PBXProject "GS1 Encoders App" */ = {
			isa = XCConfigurationList;
			buildConfigurations = (
				F73EC9B42909D226008E17F4 /* Debug */,
				F73EC9B52909D226008E17F4 /* Release */,
			);
			defaultConfigurationIsVisible = 0;
			defaultConfigurationName = Release;
		};
		F73EC9B62909D226008E17F4 /* Build configuration list for PBXNativeTarget "GS1 Encoders App" */ = {
			isa = XCConfigurationList;
			buildConfigurations = (
				F73EC9B72909D226008E17F4 /* Debug */,
				F73EC9B82909D226008E17F4 /* Release */,
			);
			defaultConfigurationIsVisible = 0;
			defaultConfigurationName = Release;
		};
/* End XCConfigurationList section */

/* Begin XCLocalSwiftPackageReference section */
		F7C8D44B2EBD928400996636 /* XCLocalSwiftPackageReference "../swift" */ = {
			isa = XCLocalSwiftPackageReference;
			relativePath = ../swift;
		};
/* End XCLocalSwiftPackageReference section */

/* Begin XCSwiftPackageProductDependency section */
		F7C8D44C2EBD928400996636 /* GS1Encoders */ = {
			isa = XCSwiftPackageProductDependency;
			productName = GS1Encoders;
		};
/* End XCSwiftPackageProductDependency section */
	};
	rootObject = F73EC9A02909D225008E17F4 /* Project object */;
}
